
Microsoft Visual Studio Solution File, Format Version 10.00
# Visual C++ Express 2008
Project("{8BC9CEB8-8B4A-11D0-8D11-00A0C91BC942}") = "Client", "Client\Client.vcproj", "{C474CD1F-B8DF-4A76-A151-2F8C89CD2267}"
EndProject
Global
	GlobalSection(SolutionConfigurationPlatforms) = preSolution
		Debug|Win32 = Debug|Win32
		Release|Win32 = Release|Win32
	EndGlobalSection
	GlobalSection(ProjectConfigurationPlatforms) = postSolution
		{C474CD1F-B8DF-4A76-A151-2F8C89CD2267}.Debug|Win32.ActiveCfg = Debug|Win32
		{C474CD1F-B8DF-4A76-A151-2F8C89CD2267}.Debug|Win32.Build.0 = Debug|Win32
		{C474CD1F-B8DF-4A76-A151-2F8C89CD2267}.Release|Win32.ActiveCfg = Release|Win32
		{C474CD1F-B8DF-4A76-A151-2F8C89CD2267}.Release|Win32.Build.0 = Release|Win32
	EndGlobalSection
	GlobalSection(SolutionProperties) = preSolution
		HideSolutionNode = FALSE
	EndGlobalSection
EndGlobal
