
Microsoft Visual Studio Solution File, Format Version 10.00
# Visual C++ Express 2008
Project("{8BC9CEB8-8B4A-11D0-8D11-00A0C91BC942}") = "Client C++", "Client C++\Client C++.vcproj", "{E38004A2-1485-47B2-AE4C-AA64C0A5E6D7}"
EndProject
Global
	GlobalSection(SolutionConfigurationPlatforms) = preSolution
		Debug|Win32 = Debug|Win32
		Release|Win32 = Release|Win32
	EndGlobalSection
	GlobalSection(ProjectConfigurationPlatforms) = postSolution
		{E38004A2-1485-47B2-AE4C-AA64C0A5E6D7}.Debug|Win32.ActiveCfg = Debug|Win32
		{E38004A2-1485-47B2-AE4C-AA64C0A5E6D7}.Debug|Win32.Build.0 = Debug|Win32
		{E38004A2-1485-47B2-AE4C-AA64C0A5E6D7}.Release|Win32.ActiveCfg = Release|Win32
		{E38004A2-1485-47B2-AE4C-AA64C0A5E6D7}.Release|Win32.Build.0 = Release|Win32
	EndGlobalSection
	GlobalSection(SolutionProperties) = preSolution
		HideSolutionNode = FALSE
	EndGlobalSection
EndGlobal
